
Microsoft Visual Studio Solution File, Format Version 12.00
# Visual Studio 15
VisualStudioVersion = 15.0.28010.2026
MinimumVisualStudioVersion = 10.0.40219.1
Project("{FAE04EC0-301F-11D3-BF4B-00C04F79EFBC}") = "Quartic.Assignment.Model", "Quartic.Assignment.Model\Quartic.Assignment.Model.csproj", "{C6CF1216-A847-4E1C-8358-04EB44A6A55C}"
EndProject
Project("{FAE04EC0-301F-11D3-BF4B-00C04F79EFBC}") = "Quartic.Assignement.BusinessLogic", "Quartic.Assignement.BusinessLogic\Quartic.Assignement.BusinessLogic.csproj", "{7C10CA17-FD92-466A-8F6B-E747D74982E8}"
EndProject
Project("{FAE04EC0-301F-11D3-BF4B-00C04F79EFBC}") = "Quartic.Assignment.BusinessLogic.Test", "Quartic.Assignment.BusinessLogic.Test\Quartic.Assignment.BusinessLogic.Test.csproj", "{82568D6E-27E9-4EE5-8433-B71F2B73DAE9}"
EndProject
Global
	GlobalSection(SolutionConfigurationPlatforms) = preSolution
		Debug|Any CPU = Debug|Any CPU
		Release|Any CPU = Release|Any CPU
	EndGlobalSection
	GlobalSection(ProjectConfigurationPlatforms) = postSolution
		{C6CF1216-A847-4E1C-8358-04EB44A6A55C}.Debug|Any CPU.ActiveCfg = Debug|Any CPU
		{C6CF1216-A847-4E1C-8358-04EB44A6A55C}.Debug|Any CPU.Build.0 = Debug|Any CPU
		{C6CF1216-A847-4E1C-8358-04EB44A6A55C}.Release|Any CPU.ActiveCfg = Release|Any CPU
		{C6CF1216-A847-4E1C-8358-04EB44A6A55C}.Release|Any CPU.Build.0 = Release|Any CPU
		{7C10CA17-FD92-466A-8F6B-E747D74982E8}.Debug|Any CPU.ActiveCfg = Debug|Any CPU
		{7C10CA17-FD92-466A-8F6B-E747D74982E8}.Debug|Any CPU.Build.0 = Debug|Any CPU
		{7C10CA17-FD92-466A-8F6B-E747D74982E8}.Release|Any CPU.ActiveCfg = Release|Any CPU
		{7C10CA17-FD92-466A-8F6B-E747D74982E8}.Release|Any CPU.Build.0 = Release|Any CPU
		{82568D6E-27E9-4EE5-8433-B71F2B73DAE9}.Debug|Any CPU.ActiveCfg = Debug|Any CPU
		{82568D6E-27E9-4EE5-8433-B71F2B73DAE9}.Debug|Any CPU.Build.0 = Debug|Any CPU
		{82568D6E-27E9-4EE5-8433-B71F2B73DAE9}.Release|Any CPU.ActiveCfg = Release|Any CPU
		{82568D6E-27E9-4EE5-8433-B71F2B73DAE9}.Release|Any CPU.Build.0 = Release|Any CPU
	EndGlobalSection
	GlobalSection(SolutionProperties) = preSolution
		HideSolutionNode = FALSE
	EndGlobalSection
	GlobalSection(ExtensibilityGlobals) = postSolution
		SolutionGuid = {F2AC886C-5ADA-47FB-9A39-460E84D5D4EB}
	EndGlobalSection
EndGlobal
